<?xml version="1.0" encoding="utf-8"?>
<Project ToolsVersion="4.0" xmlns="http://schemas.microsoft.com/developer/msbuild/2003">
  <ItemGroup>
    <Filter Include="Script">
      <UniqueIdentifier>{585f2ba7-813f-4532-9a95-b2967ae06511}</UniqueIdentifier>
    </Filter>
    <Filter Include="Default">
      <UniqueIdentifier>{6546fd48-44d9-4960-9249-56cca8c1ccc0}</UniqueIdentifier>
    </Filter>
    <Filter Include="ScriptMgr">
      <UniqueIdentifier>{78d2676d-e9d6-47ca-8d90-52e8d457d264}</UniqueIdentifier>
    </Filter>
    <Filter Include="Script\State">
      <UniqueIdentifier>{e4ec186c-ef60-415e-a2b5-fb0613c67b75}</UniqueIdentifier>
    </Filter>
    <Filter Include="Script\State\Player">
      <UniqueIdentifier>{25b4f089-9fe0-43c7-a30e-3a9bdebd8c33}</UniqueIdentifier>
    </Filter>
    <Filter Include="LevelSaveLoad">
      <UniqueIdentifier>{d1cb767f-700f-41fc-a8f0-7a2df1a115f3}</UniqueIdentifier>
    </Filter>
    <Filter Include="Script\Thread">
      <UniqueIdentifier>{9cc3b996-79cc-4aff-af81-f3304d6f3bdd}</UniqueIdentifier>
    </Filter>
    <Filter Include="Script\State\Player\Idle">
      <UniqueIdentifier>{60b8089b-d707-4d1e-8bc1-0d0f655882a3}</UniqueIdentifier>
    </Filter>
    <Filter Include="Script\State\Player\Walk">
      <UniqueIdentifier>{d4ea49f6-0639-4feb-8fd0-c5a8fb5963e5}</UniqueIdentifier>
    </Filter>
    <Filter Include="Script\State\Player\Dodge">
      <UniqueIdentifier>{712ba74f-b44e-45d7-aa34-c1ae9dcd4fe3}</UniqueIdentifier>
    </Filter>
    <Filter Include="Script\State\Player\Attack">
      <UniqueIdentifier>{a7ecf320-a158-4176-be6f-7c8b0c28e292}</UniqueIdentifier>
    </Filter>
    <Filter Include="Script\State\Player\Magic">
      <UniqueIdentifier>{fdc9df36-c5f8-4077-abf2-cfa88bf01721}</UniqueIdentifier>
    </Filter>
    <Filter Include="Script\State\Player\Hit">
      <UniqueIdentifier>{dd68a36b-89cf-4114-b873-1815e944f6b4}</UniqueIdentifier>
    </Filter>
    <Filter Include="Script\State\Player\Fall">
      <UniqueIdentifier>{a3e9a76a-cc5a-42bb-ba73-9ed9ca713676}</UniqueIdentifier>
    </Filter>
    <Filter Include="Script\State\Player\Dead">
      <UniqueIdentifier>{7950cb2f-c015-4c54-8b40-1df11c5ddf56}</UniqueIdentifier>
    </Filter>
    <Filter Include="Script\State\Monster">
      <UniqueIdentifier>{79c87d13-88ed-4ee0-b618-746d8e806560}</UniqueIdentifier>
    </Filter>
    <Filter Include="Script\State\Monster\Bat">
      <UniqueIdentifier>{8b246a6b-2257-4744-9ddb-938d3c1254eb}</UniqueIdentifier>
    </Filter>
    <Filter Include="Script\State\Monster\Knight">
      <UniqueIdentifier>{b3c3ffe7-f0ba-4d7e-b03e-0526a7e0070b}</UniqueIdentifier>
    </Filter>
    <Filter Include="Script\State\Monster\GrimKnight">
      <UniqueIdentifier>{ea119d53-d99d-421b-873a-7c9371da4451}</UniqueIdentifier>
    </Filter>
    <Filter Include="Script\State\Monster\Bat\States">
      <UniqueIdentifier>{838a6e42-54d1-4986-a490-f39fc25cf05f}</UniqueIdentifier>
    </Filter>
  </ItemGroup>
  <ItemGroup>
    <ClInclude Include="CCameraMoveScript.h">
      <Filter>Script</Filter>
    </ClInclude>
    <ClInclude Include="CMissileScript.h">
      <Filter>Script</Filter>
    </ClInclude>
    <ClInclude Include="CMonsterScript.h">
      <Filter>Script</Filter>
    </ClInclude>
    <ClInclude Include="CPlayerScript.h">
      <Filter>Script</Filter>
    </ClInclude>
    <ClInclude Include="framework.h">
      <Filter>Default</Filter>
    </ClInclude>
    <ClInclude Include="pch.h">
      <Filter>Default</Filter>
    </ClInclude>
    <ClInclude Include="CScriptMgr.h">
      <Filter>ScriptMgr</Filter>
    </ClInclude>
    <ClInclude Include="CGravityScript.h">
      <Filter>Script</Filter>
    </ClInclude>
    <ClInclude Include="CState.h">
      <Filter>Script\State</Filter>
    </ClInclude>
    <ClInclude Include="CStateScript.h">
      <Filter>Script\State</Filter>
    </ClInclude>
    <ClInclude Include="CLevelSaveLoadInScript.h">
      <Filter>LevelSaveLoad</Filter>
    </ClInclude>
    <ClInclude Include="CLoadLevelThreadScript.h">
      <Filter>Script\Thread</Filter>
    </ClInclude>
    <ClInclude Include="CLoadingThread.h">
      <Filter>Script\Thread</Filter>
    </ClInclude>
    <ClInclude Include="CPlyAttack.h">
      <Filter>Script\State\Player\Attack</Filter>
    </ClInclude>
    <ClInclude Include="CPlyAttack_Magic.h">
      <Filter>Script\State\Player\Magic</Filter>
    </ClInclude>
    <ClInclude Include="CPlyDead.h">
      <Filter>Script\State\Player\Dead</Filter>
    </ClInclude>
    <ClInclude Include="CPlyDodge.h">
      <Filter>Script\State\Player\Dodge</Filter>
    </ClInclude>
    <ClInclude Include="CPlyFall.h">
      <Filter>Script\State\Player\Fall</Filter>
    </ClInclude>
    <ClInclude Include="CPlyHit.h">
      <Filter>Script\State\Player\Hit</Filter>
    </ClInclude>
    <ClInclude Include="CPlyIdle.h">
      <Filter>Script\State\Player\Idle</Filter>
    </ClInclude>
    <ClInclude Include="CPlyWalk.h">
      <Filter>Script\State\Player\Walk</Filter>
    </ClInclude>
    <ClInclude Include="CTrace.h">
      <Filter>Script\State\Monster</Filter>
    </ClInclude>
    <ClInclude Include="CKnightChopAttack.h">
      <Filter>Script\State\Monster\Knight</Filter>
    </ClInclude>
    <ClInclude Include="CKnightChopAttackCombo.h">
      <Filter>Script\State\Monster\Knight</Filter>
    </ClInclude>
    <ClInclude Include="CKnightChopAttackComboEnd.h">
      <Filter>Script\State\Monster\Knight</Filter>
    </ClInclude>
    <ClInclude Include="CKnightChopAttackEnd.h">
      <Filter>Script\State\Monster\Knight</Filter>
    </ClInclude>
    <ClInclude Include="CKnightCutScene.h">
      <Filter>Script\State\Monster\Knight</Filter>
    </ClInclude>
    <ClInclude Include="CKnightDeath.h">
      <Filter>Script\State\Monster\Knight</Filter>
    </ClInclude>
    <ClInclude Include="CKnightIdle.h">
      <Filter>Script\State\Monster\Knight</Filter>
    </ClInclude>
    <ClInclude Include="CKnightJumpAttack.h">
      <Filter>Script\State\Monster\Knight</Filter>
    </ClInclude>
    <ClInclude Include="CKnightJumpAttack2.h">
      <Filter>Script\State\Monster\Knight</Filter>
    </ClInclude>
    <ClInclude Include="CKnightJumpFinish.h">
      <Filter>Script\State\Monster\Knight</Filter>
    </ClInclude>
    <ClInclude Include="CKnightJumpReady.h">
      <Filter>Script\State\Monster\Knight</Filter>
    </ClInclude>
    <ClInclude Include="CKnightRunAttack.h">
      <Filter>Script\State\Monster\Knight</Filter>
    </ClInclude>
    <ClInclude Include="CKnightSpinAttack.h">
      <Filter>Script\State\Monster\Knight</Filter>
    </ClInclude>
    <ClInclude Include="CKnightSpinAttackCombo.h">
      <Filter>Script\State\Monster\Knight</Filter>
    </ClInclude>
    <ClInclude Include="CKnightWalk.h">
      <Filter>Script\State\Monster\Knight</Filter>
    </ClInclude>
    <ClInclude Include="KnightStates.h">
      <Filter>Script\State\Monster\Knight</Filter>
    </ClInclude>
    <ClInclude Include="CGrimKnightSpinUp.h">
      <Filter>Script\State\Monster\GrimKnight</Filter>
    </ClInclude>
    <ClInclude Include="CGrimKnightBackStep.h">
      <Filter>Script\State\Monster\GrimKnight</Filter>
    </ClInclude>
    <ClInclude Include="CGrimKnightBackStep2.h">
      <Filter>Script\State\Monster\GrimKnight</Filter>
    </ClInclude>
    <ClInclude Include="CGrimKnightChase.h">
      <Filter>Script\State\Monster\GrimKnight</Filter>
    </ClInclude>
    <ClInclude Include="CGrimKnightGuard.h">
      <Filter>Script\State\Monster\GrimKnight</Filter>
    </ClInclude>
    <ClInclude Include="CGrimKnightGuardBreak.h">
      <Filter>Script\State\Monster\GrimKnight</Filter>
    </ClInclude>
    <ClInclude Include="CGrimKnightGuardStay.h">
      <Filter>Script\State\Monster\GrimKnight</Filter>
    </ClInclude>
    <ClInclude Include="CGrimKnightIdle.h">
      <Filter>Script\State\Monster\GrimKnight</Filter>
    </ClInclude>
    <ClInclude Include="CGrimKnightLeftSpin.h">
      <Filter>Script\State\Monster\GrimKnight</Filter>
    </ClInclude>
    <ClInclude Include="CGrimKnightLongDistance.h">
      <Filter>Script\State\Monster\GrimKnight</Filter>
    </ClInclude>
    <ClInclude Include="CGrimKnightMelee.h">
      <Filter>Script\State\Monster\GrimKnight</Filter>
    </ClInclude>
    <ClInclude Include="CGrimKnightRightSpin.h">
      <Filter>Script\State\Monster\GrimKnight</Filter>
    </ClInclude>
    <ClInclude Include="CGrimKnightSpinDown.h">
      <Filter>Script\State\Monster\GrimKnight</Filter>
    </ClInclude>
    <ClInclude Include="GrimKnightStates.h">
      <Filter>Script\State\Monster\GrimKnight</Filter>
    </ClInclude>
    <ClInclude Include="CBatScript.h">
      <Filter>Script\State\Monster\Bat</Filter>
    </ClInclude>
    <ClInclude Include="BatStates.h">
      <Filter>Script\State\Monster\Bat\States</Filter>
    </ClInclude>
    <ClInclude Include="CBatAttack.h">
      <Filter>Script\State\Monster\Bat\States</Filter>
    </ClInclude>
    <ClInclude Include="CBatChase.h">
      <Filter>Script\State\Monster\Bat\States</Filter>
    </ClInclude>
    <ClInclude Include="CBatIdle.h">
      <Filter>Script\State\Monster\Bat\States</Filter>
    </ClInclude>
    <ClInclude Include="CBatRecognize.h">
      <Filter>Script\State\Monster\Bat\States</Filter>
    </ClInclude>
  </ItemGroup>
  <ItemGroup>
    <ClCompile Include="CCameraMoveScript.cpp">
      <Filter>Script</Filter>
    </ClCompile>
    <ClCompile Include="CMissileScript.cpp">
      <Filter>Script</Filter>
    </ClCompile>
    <ClCompile Include="CMonsterScript.cpp">
      <Filter>Script</Filter>
    </ClCompile>
    <ClCompile Include="CPlayerScript.cpp">
      <Filter>Script</Filter>
    </ClCompile>
    <ClCompile Include="pch.cpp">
      <Filter>Default</Filter>
    </ClCompile>
    <ClCompile Include="Script.cpp">
      <Filter>Default</Filter>
    </ClCompile>
    <ClCompile Include="CScriptMgr.cpp">
      <Filter>ScriptMgr</Filter>
    </ClCompile>
    <ClCompile Include="CGravityScript.cpp">
      <Filter>Script</Filter>
    </ClCompile>
    <ClCompile Include="CState.cpp">
      <Filter>Script\State</Filter>
    </ClCompile>
    <ClCompile Include="CStateScript.cpp">
      <Filter>Script\State</Filter>
    </ClCompile>
    <ClCompile Include="PlayerStates.h">
      <Filter>Script\State\Player</Filter>
    </ClCompile>
    <ClCompile Include="CLevelSaveLoadInScript.cpp">
      <Filter>LevelSaveLoad</Filter>
    </ClCompile>
    <ClCompile Include="CLoadLevelThreadScript.cpp">
      <Filter>Script\Thread</Filter>
    </ClCompile>
    <ClCompile Include="CLoadingThread.cpp">
      <Filter>Script\Thread</Filter>
    </ClCompile>
    <ClCompile Include="CPlyAttack.cpp">
      <Filter>Script\State\Player\Attack</Filter>
    </ClCompile>
    <ClCompile Include="CPlyAttack_Magic.cpp">
      <Filter>Script\State\Player\Magic</Filter>
    </ClCompile>
    <ClCompile Include="CPlyDead.cpp">
      <Filter>Script\State\Player\Dead</Filter>
    </ClCompile>
    <ClCompile Include="CPlyDodge.cpp">
      <Filter>Script\State\Player\Dodge</Filter>
    </ClCompile>
    <ClCompile Include="CPlyFall.cpp">
      <Filter>Script\State\Player\Fall</Filter>
    </ClCompile>
    <ClCompile Include="CPlyHit.cpp">
      <Filter>Script\State\Player\Hit</Filter>
    </ClCompile>
    <ClCompile Include="CPlyIdle.cpp">
      <Filter>Script\State\Player\Idle</Filter>
    </ClCompile>
    <ClCompile Include="CPlyWalk.cpp">
      <Filter>Script\State\Player\Walk</Filter>
    </ClCompile>
    <ClCompile Include="CTrace.cpp">
      <Filter>Script\State\Monster</Filter>
    </ClCompile>
    <ClCompile Include="CKnightChopAttack.cpp">
      <Filter>Script\State\Monster\Knight</Filter>
    </ClCompile>
    <ClCompile Include="CKnightChopAttackCombo.cpp">
      <Filter>Script\State\Monster\Knight</Filter>
    </ClCompile>
    <ClCompile Include="CKnightChopAttackComboEnd.cpp">
      <Filter>Script\State\Monster\Knight</Filter>
    </ClCompile>
    <ClCompile Include="CKnightChopAttackEnd.cpp">
      <Filter>Script\State\Monster\Knight</Filter>
    </ClCompile>
    <ClCompile Include="CKnightCutScene.cpp">
      <Filter>Script\State\Monster\Knight</Filter>
    </ClCompile>
    <ClCompile Include="CKnightDeath.cpp">
      <Filter>Script\State\Monster\Knight</Filter>
    </ClCompile>
    <ClCompile Include="CKnightIdle.cpp">
      <Filter>Script\State\Monster\Knight</Filter>
    </ClCompile>
    <ClCompile Include="CKnightJumpAttack.cpp">
      <Filter>Script\State\Monster\Knight</Filter>
    </ClCompile>
    <ClCompile Include="CKnightJumpAttack2.cpp">
      <Filter>Script\State\Monster\Knight</Filter>
    </ClCompile>
    <ClCompile Include="CKnightJumpFinish.cpp">
      <Filter>Script\State\Monster\Knight</Filter>
    </ClCompile>
    <ClCompile Include="CKnightJumpReady.cpp">
      <Filter>Script\State\Monster\Knight</Filter>
    </ClCompile>
    <ClCompile Include="CKnightRunAttack.cpp">
      <Filter>Script\State\Monster\Knight</Filter>
    </ClCompile>
    <ClCompile Include="CKnightSpinAttack.cpp">
      <Filter>Script\State\Monster\Knight</Filter>
    </ClCompile>
    <ClCompile Include="CKnightSpinAttackCombo.cpp">
      <Filter>Script\State\Monster\Knight</Filter>
    </ClCompile>
    <ClCompile Include="CKnightWalk.cpp">
      <Filter>Script\State\Monster\Knight</Filter>
    </ClCompile>
    <ClCompile Include="CGrimKnightBackStep.cpp">
      <Filter>Script\State\Monster\GrimKnight</Filter>
    </ClCompile>
    <ClCompile Include="CGrimKnightBackStep2.cpp">
      <Filter>Script\State\Monster\GrimKnight</Filter>
    </ClCompile>
    <ClCompile Include="CGrimKnightChase.cpp">
      <Filter>Script\State\Monster\GrimKnight</Filter>
    </ClCompile>
    <ClCompile Include="CGrimKnightGuard.cpp">
      <Filter>Script\State\Monster\GrimKnight</Filter>
    </ClCompile>
    <ClCompile Include="CGrimKnightGuardBreak.cpp">
      <Filter>Script\State\Monster\GrimKnight</Filter>
    </ClCompile>
    <ClCompile Include="CGrimKnightGuardStay.cpp">
      <Filter>Script\State\Monster\GrimKnight</Filter>
    </ClCompile>
    <ClCompile Include="CGrimKnightIdle.cpp">
      <Filter>Script\State\Monster\GrimKnight</Filter>
    </ClCompile>
    <ClCompile Include="CGrimKnightLeftSpin.cpp">
      <Filter>Script\State\Monster\GrimKnight</Filter>
    </ClCompile>
    <ClCompile Include="CGrimKnightLongDistance.cpp">
      <Filter>Script\State\Monster\GrimKnight</Filter>
    </ClCompile>
    <ClCompile Include="CGrimKnightMelee.cpp">
      <Filter>Script\State\Monster\GrimKnight</Filter>
    </ClCompile>
    <ClCompile Include="CGrimKnightRightSpin.cpp">
      <Filter>Script\State\Monster\GrimKnight</Filter>
    </ClCompile>
    <ClCompile Include="CGrimKnightSpinDown.cpp">
      <Filter>Script\State\Monster\GrimKnight</Filter>
    </ClCompile>
    <ClCompile Include="CGrimKnightSpinUp.cpp">
      <Filter>Script\State\Monster\GrimKnight</Filter>
    </ClCompile>
    <ClCompile Include="CBatScript.cpp">
      <Filter>Script\State\Monster\Bat</Filter>
    </ClCompile>
    <ClCompile Include="CBatAttack.cpp">
      <Filter>Script\State\Monster\Bat\States</Filter>
    </ClCompile>
    <ClCompile Include="CBatChase.cpp">
      <Filter>Script\State\Monster\Bat\States</Filter>
    </ClCompile>
    <ClCompile Include="CBatIdle.cpp">
      <Filter>Script\State\Monster\Bat\States</Filter>
    </ClCompile>
    <ClCompile Include="CBatRecognize.cpp">
      <Filter>Script\State\Monster\Bat\States</Filter>
    </ClCompile>
  </ItemGroup>
</Project>