<?xml version="1.0" encoding="utf-8"?>
<Project ToolsVersion="4.0" xmlns="http://schemas.microsoft.com/developer/msbuild/2003">
  <ItemGroup>
    <Filter Include="Script">
      <UniqueIdentifier>{585f2ba7-813f-4532-9a95-b2967ae06511}</UniqueIdentifier>
    </Filter>
    <Filter Include="Default">
      <UniqueIdentifier>{6546fd48-44d9-4960-9249-56cca8c1ccc0}</UniqueIdentifier>
    </Filter>
    <Filter Include="ScriptMgr">
      <UniqueIdentifier>{78d2676d-e9d6-47ca-8d90-52e8d457d264}</UniqueIdentifier>
    </Filter>
    <Filter Include="LevelSaveLoad">
      <UniqueIdentifier>{d1cb767f-700f-41fc-a8f0-7a2df1a115f3}</UniqueIdentifier>
    </Filter>
    <Filter Include="Script\Thread">
      <UniqueIdentifier>{9cc3b996-79cc-4aff-af81-f3304d6f3bdd}</UniqueIdentifier>
    </Filter>
    <Filter Include="Script\01. State">
      <UniqueIdentifier>{e4ec186c-ef60-415e-a2b5-fb0613c67b75}</UniqueIdentifier>
    </Filter>
    <Filter Include="Script\01. State\01. Monster">
      <UniqueIdentifier>{79c87d13-88ed-4ee0-b618-746d8e806560}</UniqueIdentifier>
    </Filter>
    <Filter Include="Script\01. State\01. Monster\Lurker">
      <UniqueIdentifier>{9232b75d-21e7-4a2a-8898-616e98ff1554}</UniqueIdentifier>
    </Filter>
    <Filter Include="Script\01. State\01. Monster\Grunt">
      <UniqueIdentifier>{f993a883-5562-4a2d-80a5-853189d5179c}</UniqueIdentifier>
    </Filter>
    <Filter Include="Script\01. State\01. Monster\CrowBoss">
      <UniqueIdentifier>{ab108cdd-8676-4992-91a4-91ab024f35e0}</UniqueIdentifier>
    </Filter>
    <Filter Include="Script\01. State\01. Monster\Bazooka">
      <UniqueIdentifier>{126b6388-1810-4017-886a-49e7928eeb8e}</UniqueIdentifier>
    </Filter>
    <Filter Include="Script\01. State\02. Player">
      <UniqueIdentifier>{25b4f089-9fe0-43c7-a30e-3a9bdebd8c33}</UniqueIdentifier>
    </Filter>
    <Filter Include="Script\01. State\02. Player\Idle">
      <UniqueIdentifier>{60b8089b-d707-4d1e-8bc1-0d0f655882a3}</UniqueIdentifier>
    </Filter>
    <Filter Include="Script\01. State\02. Player\Walk">
      <UniqueIdentifier>{d4ea49f6-0639-4feb-8fd0-c5a8fb5963e5}</UniqueIdentifier>
    </Filter>
    <Filter Include="Script\01. State\02. Player\Dodge">
      <UniqueIdentifier>{712ba74f-b44e-45d7-aa34-c1ae9dcd4fe3}</UniqueIdentifier>
    </Filter>
    <Filter Include="Script\01. State\02. Player\Attack">
      <UniqueIdentifier>{a7ecf320-a158-4176-be6f-7c8b0c28e292}</UniqueIdentifier>
    </Filter>
    <Filter Include="Script\01. State\02. Player\Magic">
      <UniqueIdentifier>{fdc9df36-c5f8-4077-abf2-cfa88bf01721}</UniqueIdentifier>
    </Filter>
    <Filter Include="Script\01. State\02. Player\Hit">
      <UniqueIdentifier>{dd68a36b-89cf-4114-b873-1815e944f6b4}</UniqueIdentifier>
    </Filter>
    <Filter Include="Script\01. State\02. Player\Fall">
      <UniqueIdentifier>{a3e9a76a-cc5a-42bb-ba73-9ed9ca713676}</UniqueIdentifier>
    </Filter>
    <Filter Include="Script\01. State\02. Player\Dead">
      <UniqueIdentifier>{7950cb2f-c015-4c54-8b40-1df11c5ddf56}</UniqueIdentifier>
    </Filter>
    <Filter Include="Script\01. State\01. Monster\Bazooka\State">
      <UniqueIdentifier>{fa63c74d-a161-46a1-ba1b-fb90d439596e}</UniqueIdentifier>
    </Filter>
    <Filter Include="State">
      <UniqueIdentifier>{1a5e12ac-346c-4355-8e43-449d786a9256}</UniqueIdentifier>
    </Filter>
    <Filter Include="Scripts">
      <UniqueIdentifier>{056f8aef-ca62-4977-b048-0f6f5cd475d8}</UniqueIdentifier>
    </Filter>
    <Filter Include="Scripts\02. Monster">
      <UniqueIdentifier>{aca7f953-12b8-4251-9261-515cf8c0a765}</UniqueIdentifier>
    </Filter>
    <Filter Include="Scripts\01. Player">
      <UniqueIdentifier>{c88ef08c-16ff-4397-a895-b8ce3eab9773}</UniqueIdentifier>
    </Filter>
    <Filter Include="Scripts\01. Player\Weapon">
      <UniqueIdentifier>{a8f01c7b-9661-436b-9248-e38fdd5be493}</UniqueIdentifier>
    </Filter>
    <Filter Include="Scripts\01. Player\Weapon\Attack">
      <UniqueIdentifier>{c2716c2c-d705-46cc-8f93-446c52a452a0}</UniqueIdentifier>
    </Filter>
    <Filter Include="Scripts\01. Player\Weapon\Dead">
      <UniqueIdentifier>{edfa77d0-6ad0-4dca-9057-344a3104f5e1}</UniqueIdentifier>
    </Filter>
    <Filter Include="Scripts\01. Player\Weapon\Dodge">
      <UniqueIdentifier>{160f2c63-5ff8-435e-a32b-5bad3e878449}</UniqueIdentifier>
    </Filter>
    <Filter Include="Scripts\01. Player\Weapon\Fall">
      <UniqueIdentifier>{d6939d28-50f3-4030-8aad-a46aff9d5cb2}</UniqueIdentifier>
    </Filter>
    <Filter Include="Scripts\01. Player\Weapon\Hit">
      <UniqueIdentifier>{cf27a89f-0359-47b8-9c8b-8a98e9fa4d5a}</UniqueIdentifier>
    </Filter>
    <Filter Include="Scripts\01. Player\Weapon\Idle">
      <UniqueIdentifier>{d609b813-ec2d-44fd-ad74-d963173eb338}</UniqueIdentifier>
    </Filter>
    <Filter Include="Scripts\01. Player\Weapon\Ladder">
      <UniqueIdentifier>{4a7579e9-8513-4b65-8e9b-563d1ae401b1}</UniqueIdentifier>
    </Filter>
    <Filter Include="Scripts\01. Player\Weapon\Dance">
      <UniqueIdentifier>{a4fe461b-36bd-4b78-98f4-a44f2a657acb}</UniqueIdentifier>
    </Filter>
    <Filter Include="Scripts\01. Player\Walk">
      <UniqueIdentifier>{43ab87c1-cc52-45a6-a10f-11639d0432bd}</UniqueIdentifier>
    </Filter>
    <Filter Include="Scripts\01. Player\Magic">
      <UniqueIdentifier>{2c16b37f-ab88-431f-960c-47e2ec9a4c01}</UniqueIdentifier>
    </Filter>
  </ItemGroup>
  <ItemGroup>
    <ClInclude Include="CCameraMoveScript.h">
      <Filter>Script</Filter>
    </ClInclude>
    <ClInclude Include="CMissileScript.h">
      <Filter>Script</Filter>
    </ClInclude>
    <ClInclude Include="CPlayerScript.h">
      <Filter>Script</Filter>
    </ClInclude>
    <ClInclude Include="framework.h">
      <Filter>Default</Filter>
    </ClInclude>
    <ClInclude Include="pch.h">
      <Filter>Default</Filter>
    </ClInclude>
    <ClInclude Include="CScriptMgr.h">
      <Filter>ScriptMgr</Filter>
    </ClInclude>
    <ClInclude Include="CGravityScript.h">
      <Filter>Script</Filter>
    </ClInclude>
    <ClInclude Include="CState.h">
      <Filter>Script\01. State</Filter>
    </ClInclude>
    <ClInclude Include="CStateScript.h">
      <Filter>Script\01. State</Filter>
    </ClInclude>
    <ClInclude Include="CLevelSaveLoadInScript.h">
      <Filter>LevelSaveLoad</Filter>
    </ClInclude>
    <ClInclude Include="CLoadLevelThreadScript.h">
      <Filter>Script\Thread</Filter>
    </ClInclude>
    <ClInclude Include="CLoadingThread.h">
      <Filter>Script\Thread</Filter>
    </ClInclude>
    <ClInclude Include="CPlyAttack.h">
      <Filter>Script\01. State\02. Player\Attack</Filter>
    </ClInclude>
    <ClInclude Include="CPlyAttack_Magic.h">
      <Filter>Script\01. State\02. Player\Magic</Filter>
    </ClInclude>
    <ClInclude Include="CPlyDead.h">
      <Filter>Script\01. State\02. Player\Dead</Filter>
    </ClInclude>
    <ClInclude Include="CPlyDodge.h">
      <Filter>Script\01. State\02. Player\Dodge</Filter>
    </ClInclude>
    <ClInclude Include="CPlyFall.h">
      <Filter>Script\01. State\02. Player\Fall</Filter>
    </ClInclude>
    <ClInclude Include="CPlyHit.h">
      <Filter>Script\01. State\02. Player\Hit</Filter>
    </ClInclude>
    <ClInclude Include="CPlyIdle.h">
      <Filter>Script\01. State\02. Player\Idle</Filter>
    </ClInclude>
    <ClInclude Include="CPlyWalk.h">
      <Filter>Script\01. State\02. Player\Walk</Filter>
    </ClInclude>
    <ClInclude Include="CTrace.h">
      <Filter>Script\01. State\01. Monster</Filter>
    </ClInclude>
    <ClInclude Include="CMonsterScript.h">
      <Filter>Script\01. State\01. Monster</Filter>
    </ClInclude>
    <ClInclude Include="CPlyCharge.h" />
    <ClInclude Include="CPlyChargeAttack.h" />
    <ClInclude Include="CPlyDance.h" />
    <ClInclude Include="CPlyLadder.h" />
    <ClInclude Include="CBazookaScript.h" />
    <ClInclude Include="CMonsterDetectRangeScript.h" />
    <ClInclude Include="BazookaStates.h" />
    <ClInclude Include="CBazookaAim.h" />
    <ClInclude Include="CBazookaDeath.h" />
    <ClInclude Include="CBazzokaIdle.h" />
    <ClInclude Include="CBazzokaLongDistance.h" />
    <ClInclude Include="CBazzokaMelee.h" />
    <ClInclude Include="CBazzokaMove.h" />
    <ClInclude Include="CPlyWpCharge.h">
      <Filter>Scripts\01. Player\Weapon</Filter>
    </ClInclude>
    <ClInclude Include="CPlyWpChargeAttack.h">
      <Filter>Scripts\01. Player\Weapon</Filter>
    </ClInclude>
    <ClInclude Include="PlayerWeaponStates.h">
      <Filter>Scripts\01. Player\Weapon</Filter>
    </ClInclude>
    <ClInclude Include="CPlayerWeaponScript.h">
      <Filter>Scripts\01. Player\Weapon</Filter>
    </ClInclude>
    <ClInclude Include="CPlyWpAttack.h">
      <Filter>Scripts\01. Player\Weapon\Attack</Filter>
    </ClInclude>
    <ClInclude Include="CPlyWpDance.h">
      <Filter>Scripts\01. Player\Weapon\Dance</Filter>
    </ClInclude>
    <ClInclude Include="CPlyWpDead.h">
      <Filter>Scripts\01. Player\Weapon\Dead</Filter>
    </ClInclude>
    <ClInclude Include="CPlyWpDodge.h">
      <Filter>Scripts\01. Player\Weapon\Dodge</Filter>
    </ClInclude>
    <ClInclude Include="CPlyWpFall.h">
      <Filter>Scripts\01. Player\Weapon\Fall</Filter>
    </ClInclude>
    <ClInclude Include="CPlyWpHit.h">
      <Filter>Scripts\01. Player\Weapon\Hit</Filter>
    </ClInclude>
    <ClInclude Include="CPlyWpIdle.h">
      <Filter>Scripts\01. Player\Weapon\Idle</Filter>
    </ClInclude>
    <ClInclude Include="CPlyWpLadder.h">
      <Filter>Scripts\01. Player\Weapon\Ladder</Filter>
    </ClInclude>
    <ClInclude Include="CPlyWpWalk.h">
      <Filter>Scripts\01. Player\Walk</Filter>
    </ClInclude>
    <ClInclude Include="CPlyWpMagic.h">
      <Filter>Scripts\01. Player\Magic</Filter>
    </ClInclude>
  </ItemGroup>
  <ItemGroup>
    <ClCompile Include="CCameraMoveScript.cpp">
      <Filter>Script</Filter>
    </ClCompile>
    <ClCompile Include="CMissileScript.cpp">
      <Filter>Script</Filter>
    </ClCompile>
    <ClCompile Include="CPlayerScript.cpp">
      <Filter>Script</Filter>
    </ClCompile>
    <ClCompile Include="pch.cpp">
      <Filter>Default</Filter>
    </ClCompile>
    <ClCompile Include="Script.cpp">
      <Filter>Default</Filter>
    </ClCompile>
    <ClCompile Include="CScriptMgr.cpp">
      <Filter>ScriptMgr</Filter>
    </ClCompile>
    <ClCompile Include="CGravityScript.cpp">
      <Filter>Script</Filter>
    </ClCompile>
    <ClCompile Include="CState.cpp">
      <Filter>Script\01. State</Filter>
    </ClCompile>
    <ClCompile Include="CStateScript.cpp">
      <Filter>Script\01. State</Filter>
    </ClCompile>
    <ClCompile Include="PlayerStates.h">
      <Filter>Script\01. State\02. Player</Filter>
    </ClCompile>
    <ClCompile Include="CLevelSaveLoadInScript.cpp">
      <Filter>LevelSaveLoad</Filter>
    </ClCompile>
    <ClCompile Include="CLoadLevelThreadScript.cpp">
      <Filter>Script\Thread</Filter>
    </ClCompile>
    <ClCompile Include="CLoadingThread.cpp">
      <Filter>Script\Thread</Filter>
    </ClCompile>
    <ClCompile Include="CPlyAttack.cpp">
      <Filter>Script\01. State\02. Player\Attack</Filter>
    </ClCompile>
    <ClCompile Include="CPlyAttack_Magic.cpp">
      <Filter>Script\01. State\02. Player\Magic</Filter>
    </ClCompile>
    <ClCompile Include="CPlyDead.cpp">
      <Filter>Script\01. State\02. Player\Dead</Filter>
    </ClCompile>
    <ClCompile Include="CPlyDodge.cpp">
      <Filter>Script\01. State\02. Player\Dodge</Filter>
    </ClCompile>
    <ClCompile Include="CPlyFall.cpp">
      <Filter>Script\01. State\02. Player\Fall</Filter>
    </ClCompile>
    <ClCompile Include="CPlyHit.cpp">
      <Filter>Script\01. State\02. Player\Hit</Filter>
    </ClCompile>
    <ClCompile Include="CPlyIdle.cpp">
      <Filter>Script\01. State\02. Player\Idle</Filter>
    </ClCompile>
    <ClCompile Include="CPlyWalk.cpp">
      <Filter>Script\01. State\02. Player\Walk</Filter>
    </ClCompile>
    <ClCompile Include="CTrace.cpp">
      <Filter>Script\01. State\01. Monster</Filter>
    </ClCompile>
    <ClCompile Include="CMonsterScript.cpp">
      <Filter>Script\01. State\01. Monster</Filter>
    </ClCompile>
    <ClCompile Include="CPlyCharge.cpp" />
    <ClCompile Include="CPlyChargeAttack.cpp" />
    <ClCompile Include="CPlyDance.cpp" />
    <ClCompile Include="CPlyLadder.cpp" />
    <ClCompile Include="CBazookaScript.cpp" />
    <ClCompile Include="CMonsterDetectRangeScript.cpp" />
    <ClCompile Include="CBazookaAim.cpp" />
    <ClCompile Include="CBazookaDeath.cpp" />
    <ClCompile Include="CBazzokaIdle.cpp" />
    <ClCompile Include="CBazzokaLongDistance.cpp" />
    <ClCompile Include="CBazzokaMelee.cpp" />
    <ClCompile Include="CBazzokaMove.cpp" />
    <ClCompile Include="CPlyWpCharge.cpp">
      <Filter>Scripts\01. Player\Weapon</Filter>
    </ClCompile>
    <ClCompile Include="CPlyWpChargeAttack.cpp">
      <Filter>Scripts\01. Player\Weapon</Filter>
    </ClCompile>
    <ClCompile Include="CPlayerWeaponScript.cpp">
      <Filter>Scripts\01. Player\Weapon</Filter>
    </ClCompile>
    <ClCompile Include="CPlyWpAttack.cpp">
      <Filter>Scripts\01. Player\Weapon\Attack</Filter>
    </ClCompile>
    <ClCompile Include="CPlyWpDance.cpp">
      <Filter>Scripts\01. Player\Weapon\Dance</Filter>
    </ClCompile>
    <ClCompile Include="CPlyWpDead.cpp">
      <Filter>Scripts\01. Player\Weapon\Dead</Filter>
    </ClCompile>
    <ClCompile Include="CPlyWpDodge.cpp">
      <Filter>Scripts\01. Player\Weapon\Dodge</Filter>
    </ClCompile>
    <ClCompile Include="CPlyWpFall.cpp">
      <Filter>Scripts\01. Player\Weapon\Hit</Filter>
    </ClCompile>
    <ClCompile Include="CPlyWpHit.cpp">
      <Filter>Scripts\01. Player\Weapon\Idle</Filter>
    </ClCompile>
    <ClCompile Include="CPlyWpIdle.cpp">
      <Filter>Scripts\01. Player\Weapon\Idle</Filter>
    </ClCompile>
    <ClCompile Include="CPlyWpLadder.cpp">
      <Filter>Scripts\01. Player\Weapon\Ladder</Filter>
    </ClCompile>
    <ClCompile Include="CPlyWpWalk.cpp">
      <Filter>Scripts\01. Player\Walk</Filter>
    </ClCompile>
    <ClCompile Include="CPlyWpMagic.cpp">
      <Filter>Scripts\01. Player\Magic</Filter>
    </ClCompile>
  </ItemGroup>
</Project>